
Microsoft Visual Studio Solution File, Format Version 12.00
# Visual Studio 15
VisualStudioVersion = 15.0.27004.2006
MinimumVisualStudioVersion = 10.0.40219.1
Project("{FAE04EC0-301F-11D3-BF4B-00C04F79EFBC}") = "SleepShutdown", "SleepShutdown\SleepShutdown.csproj", "{742787D1-7F4C-475A-B1EA-07329E8E1AA5}"
EndProject
Global
	GlobalSection(SolutionConfigurationPlatforms) = preSolution
		Debug|Any CPU = Debug|Any CPU
		Release|Any CPU = Release|Any CPU
	EndGlobalSection
	GlobalSection(ProjectConfigurationPlatforms) = postSolution
		{742787D1-7F4C-475A-B1EA-07329E8E1AA5}.Debug|Any CPU.ActiveCfg = Debug|Any CPU
		{742787D1-7F4C-475A-B1EA-07329E8E1AA5}.Debug|Any CPU.Build.0 = Debug|Any CPU
		{742787D1-7F4C-475A-B1EA-07329E8E1AA5}.Release|Any CPU.ActiveCfg = Release|Any CPU
		{742787D1-7F4C-475A-B1EA-07329E8E1AA5}.Release|Any CPU.Build.0 = Release|Any CPU
	EndGlobalSection
	GlobalSection(SolutionProperties) = preSolution
		HideSolutionNode = FALSE
	EndGlobalSection
	GlobalSection(ExtensibilityGlobals) = postSolution
		SolutionGuid = {1D3739E8-D004-4A1A-89A1-B473190819C3}
	EndGlobalSection
EndGlobal
